[{<<"bear">>,
  {git,"git://github.com/boundary/bear.git",
       {ref,"119234548783af19b8ec75c879c5062676b92571"}},
  2},
 {<<"setup">>,
  {git,"git://github.com/uwiger/setup.git",
       {ref,"51ee7c9f64d2bbe9dcbb58c278e8fbfd4d0ca5e2"}},
  1},
 {<<"riak_dt">>,
  {git,"git://github.com/basho/riak_dt.git",
       {ref,"f7981d4ad7407ddc085f133f204dd71bf9d50c56"}},
  1},
 {<<"ranch">>,
  {git,"git://github.com/ninenines/ranch.git",
       {ref,"adf1822defc2b7cfdc7aca112adabfa1d614043c"}},
  1},
 {<<"parse_trans">>,
  {git,"git://github.com/uwiger/parse_trans.git",
       {ref,"82cc00264aa1bad8fc5c0739b7541feb4a843432"}},
  1},
 {<<"neotoma">>,
  {git,"git://github.com/seancribbs/neotoma.git",
       {ref,"760928ec8870da02eb11bccb501e2700925d06c6"}},
  1},
 {<<"meck">>,
  {git,"git://github.com/eproxus/meck.git",
       {ref,"dde759050eff19a1a80fd854d7375174b191665d"}},
  1},
 {<<"goldrush">>,
  {git,"git://github.com/DeadZen/goldrush.git",
       {ref,"71e63212f12c25827e0c1b4198d37d5d018a7fec"}},
  1},
 {<<"getopt">>,
  {git,"git://github.com/jcomellas/getopt.git",
       {ref,"659a28f4145bc9843598972854299dc4ea77e4cb"}},
  1},
 {<<"folsom">>,
  {git,"git://github.com/boundary/folsom",
       {ref,"38e2cce7c64ce1f0a3a918d90394cfc0a940b1ba"}},
  1},
 {<<"eleveldb">>,
  {git,"git://github.com/helium/eleveldb.git",
       {ref,"4e199ab1518060d348ae0f9719d2cbf9f098e00d"}},
  1},
 {<<"edown">>,
  {git,"git://github.com/esl/edown.git",
       {ref,"4cb4ad67382590d92228ea6c56225376bd9f5685"}},
  1},
 {<<"cowlib">>,
  {git,"git://github.com/ninenines/cowlib.git",
       {ref,"d544a494af4dbc810fc9c15eaf5cc050cced1501"}},
  1},
 {<<"vmq_plugin">>,
  {git,"git://github.com/erlio/vmq_plugin.git",
       {ref,"05761610eb7a684b395490d620084f2b043179ca"}},
  0},
 {<<"vmq_commons">>,
  {git,"git://github.com/erlio/vmq_commons.git",
       {ref,"77faac296883e98d826f3de8ef2e7cb84d334a6f"}},
  0},
 {<<"riak_sysmon">>,
  {git,"git://github.com/basho/riak_sysmon.git",
       {ref,"26a58bcaba96d07df885f7b3db4d4306f995ce14"}},
  0},
 {<<"plumtree">>,
  {git,"git://github.com/dergraf/plumtree.git",
       {ref,"8f73a6fc517d2afced5fd586b4c37673b8894a4a"}},
  0},
 {<<"lager">>,
  {git,"git://github.com/basho/lager.git",
       {ref,"b6b6cebcb27ccff8acc59ae775acebc2f52e4926"}},
  0},
 {<<"jobs">>,
  {git,"git://github.com/uwiger/jobs.git",
       {ref,"97fe71dc08393a7449fcd735455b3538140b1fea"}},
  0},
 {<<"exometer_core">>,
  {git,"git://github.com/Feuerlabs/exometer_core.git",
       {ref,"88588f26f226210a1fc9e70271d8a0611ba83d30"}},
  0},
 {<<"epmdpxy">>,
  {git,"git://github.com/dergraf/epmdpxy",
       {ref,"88118621bbf4ed1c98418ca2883b851bcca674a2"}},
  0},
 {<<"cuttlefish">>,
  {git,"git://github.com/tsloughter/cuttlefish.git",
       {ref,"f5f6fdc1b0dd8ebe909b81f0b38f5715d4e869e6"}},
  0},
 {<<"cowboy">>,
  {git,"git://github.com/ninenines/cowboy.git",
       {ref,"5ff3fdd91e20a137b6378c7271826c1d94d4e3d2"}},
  0},
 {<<"clique">>,
  {git,"git://github.com/basho/clique.git",
       {ref,"3af4db8ea0f74aca42f6713446dcd5915c795a74"}},
  0}].
