{"1.2.0",
[{<<"bcrypt">>,{pkg,<<"bcrypt">>,<<"1.2.2">>},0},
 {<<"bson">>,
  {git,"https://github.com/comtihon/bson-erlang.git",
       {ref,"14308ab927cfa69324742c3de720578094e0bb19"}},
  1},
 {<<"certifi">>,{pkg,<<"certifi">>,<<"2.17.0">>},1},
 {<<"clique">>,
  {git,"https://github.com/vernemq/clique.git",
       {ref,"213d60fe70cf2badb851f2392da184715c645546"}},
  0},
 {<<"cowboy">>,
  {git,"https://github.com/ninenines/cowboy.git",
       {ref,"72d5f6c01204ad6b2f0acffcded9417c944b6b6c"}},
  0},
 {<<"cowlib">>,
  {git,"https://github.com/ninenines/cowlib",
       {ref,"d33876eddd3062f3f748e4879b0efe3990afdc73"}},
  1},
 {<<"credentials_obfuscation">>,
  {pkg,<<"credentials_obfuscation">>,<<"3.5.0">>},
  0},
 {<<"cuttlefish">>,
  {git,"https://github.com/Kyorai/cuttlefish.git",
       {ref,"ee0be044d13f1db42a549815f675d0642e597d2c"}},
  0},
 {<<"edown">>,
  {git,"https://github.com/uwiger/edown.git",
       {ref,"1d76cf579929f2d404a62ada88659f034214a3f3"}},
  1},
 {<<"eleveldb">>,
  {git,"https://github.com/basho/eleveldb.git",
       {ref,"0ad275cc18da6f9ce77ddef1a6a73465b0424afe"}},
  0},
 {<<"emysql">>,
  {git,"https://github.com/vernemq/Emysql.git",
       {ref,"f9e72697842e0665c274867392a497ffdf6c52e6"}},
  0},
 {<<"enough">>,{pkg,<<"enough">>,<<"0.1.0">>},1},
 {<<"epgsql">>,{pkg,<<"epgsql">>,<<"4.7.1">>},0},
 {<<"eredis">>,{pkg,<<"eredis">>,<<"1.7.1">>},0},
 {<<"gen_server2">>,
  {git,"https://github.com/erlio/gen_server2.git",
       {ref,"32931bb9cdb6f637aa4f6a2065a4dbe09ca4c952"}},
  0},
 {<<"getopt">>,{pkg,<<"getopt">>,<<"1.0.3">>},1},
 {<<"h2">>,{pkg,<<"h2">>,<<"0.11.0">>},1},
 {<<"hackney">>,{pkg,<<"hackney">>,<<"4.7.4">>},0},
 {<<"idna">>,{pkg,<<"idna">>,<<"7.1.0">>},1},
 {<<"jsx">>,{pkg,<<"jsx">>,<<"3.1.0">>},0},
 {<<"luerl">>,
  {git,"https://github.com/rvirding/luerl.git",
       {ref,"772b25e9f6ac5cb84bfcde81cd187bad8408dab3"}},
  0},
 {<<"mcd">>,
  {git,"https://github.com/mths1/mcd.git",
       {ref,"04966f16a43860f81e0417785b1abe436b488308"}},
  0},
 {<<"mimerl">>,{pkg,<<"mimerl">>,<<"1.5.0">>},1},
 {<<"mongodb">>,
  {git,"https://github.com/emqx/mongodb-erlang.git",
       {ref,"1ae673f42d6508dd0c8587bbdca9c9a16ca00a9f"}},
  0},
 {<<"mysql">>,
  {git,"https://github.com/mysql-otp/mysql-otp",
       {ref,"fbc26fa74498fb612fff8465fecaed2e98538bca"}},
  0},
 {<<"parse_trans">>,{pkg,<<"parse_trans">>,<<"3.4.1">>},1},
 {<<"pbkdf2">>,
  {git,"https://github.com/emqx/erlang-pbkdf2.git",
       {ref,"088adb90e981a45ea014e4bffe285b9d24c9e73a"}},
  0},
 {<<"pc">>,{pkg,<<"pc">>,<<"1.15.0">>},0},
 {<<"plumtree">>,
  {git,"https://github.com/vernemq/plumtree.git",
       {ref,"9311085370d59efe2b062573408483185b3b66b8"}},
  0},
 {<<"poolboy">>,{pkg,<<"poolboy">>,<<"1.5.2">>},0},
 {<<"quic">>,{pkg,<<"quic">>,<<"1.7.1">>},2},
 {<<"ranch">>,{pkg,<<"ranch">>,<<"2.2.1">>},0},
 {<<"recon">>,{pkg,<<"recon">>,<<"2.5.6">>},0},
 {<<"replayq">>,
  {git,"https://github.com/emqx/replayq.git",
       {ref,"bc46ada7abc41aba671c1670e631268ce52f5068"}},
  0},
 {<<"riak_dt">>,
  {git,"https://github.com/basho/riak_dt.git",
       {ref,"92c9c1bc6dd470cca878c40cb5a8120ac5d7f08a"}},
  0},
 {<<"riak_sysmon">>,
  {git,"https://github.com/basho/riak_sysmon.git",
       {ref,"bb75c2b8fd2e1074ffded60054f3a17b745957aa"}},
  0},
 {<<"sext">>,{pkg,<<"sext">>,<<"1.9.0">>},0},
 {<<"ssl_verify_fun">>,{pkg,<<"ssl_verify_fun">>,<<"1.1.7">>},1},
 {<<"stdout_formatter">>,{pkg,<<"stdout_formatter">>,<<"0.2.4">>},0},
 {<<"swc">>,
  {git,"https://github.com/vernemq/ServerWideClocks.git",
       {ref,"4835239dca5a5f4ac7202dd94d7effcaa617d575"}},
  0},
 {<<"syslog">>,{pkg,<<"syslog_app">>,<<"4.0.0">>},0},
 {<<"systemd">>,{pkg,<<"systemd">>,<<"0.6.2">>},0},
 {<<"vernemq_dev">>,
  {git,"https://github.com/vernemq/vernemq_dev.git",
       {ref,"6246074ae587b269eb5aeeca72303c2e944561e4"}},
  0},
 {<<"webtransport">>,{pkg,<<"webtransport">>,<<"0.4.3">>},1}]}.
[
{pkg_hash,[
 {<<"bcrypt">>, <<"99904DD4A0DF4E8454293E630F2C895A599A616304838468540402FECECD11ED">>},
 {<<"certifi">>, <<"835748414307E15E05B17D0E518190228CE648B08D569A5CC93A85A40F3E5C9B">>},
 {<<"credentials_obfuscation">>, <<"61E282ADFB4439486B3994FAAEC69543C7EE6CC7E70C6340E8853FD9DEAF8219">>},
 {<<"enough">>, <<"0254710C52D324E2DADDE54CB56FBB80A792C2EB285669B8379EFD0752BF89F0">>},
 {<<"epgsql">>, <<"D4E47CAE46C18C8AFA88E34D59A9B4BAE16368D7CE1EB3DA24FA755EB28393EB">>},
 {<<"eredis">>, <<"39E31AA02ADCD651C657F39AAFD4D31A9B2F63C6C700DC9CECE98D4BC3C897AB">>},
 {<<"getopt">>, <<"4F3320C1F6F26B2BEC0F6C6446B943EB927A1E6428EA279A1C6C534906EE79F1">>},
 {<<"h2">>, <<"B8C9F7C86F400582C5CBED59F79C0EFD6CF49AD6478C210BEDE91D2D15019B14">>},
 {<<"hackney">>, <<"8FE2DDAA3CA27DE99D68E682D72B66D07D2331DA680F77C8000580A0122C69E6">>},
 {<<"idna">>, <<"1067A13043538129602D2F2CE6899D8713125C7D19734AA557CE2E3EA55BD4F1">>},
 {<<"jsx">>, <<"D12516BAA0BB23A59BB35DCCAF02A1BD08243FCBB9EFE24F2D9D056CCFF71268">>},
 {<<"mimerl">>, <<"F35ACA6F23242339B3666E0AC0702379E362B469D0AEA167F6CC713547E777ED">>},
 {<<"parse_trans">>, <<"6E6AA8167CB44CC8F39441D05193BE6E6F4E7C2946CB2759F015F8C56B76E5FF">>},
 {<<"pc">>, <<"0DE7D4DF1BB23897E27965FC134DC63156DD2E5B512A9536CB7004D984400A45">>},
 {<<"poolboy">>, <<"392B007A1693A64540CEAD79830443ABF5762F5D30CF50BC95CB2C1AAAFA006B">>},
 {<<"quic">>, <<"1AC5331739E17928A797D5FF103629A9FAA91167481C326D7043B323E3BDC3B1">>},
 {<<"ranch">>, <<"FC2BB0E800EFBEAB8FF82EB325450B9C08653B14C3F69E8B09BBEA304973105D">>},
 {<<"recon">>, <<"9052588E83BFEDFD9B72E1034532AEE2A5369D9D9343B61AEB7FBCE761010741">>},
 {<<"sext">>, <<"1DBF44C7797A369B41E40D098DD9EC295BFD0076AB112AB96C4EB666F7F0F6EF">>},
 {<<"ssl_verify_fun">>, <<"354C321CF377240C7B8716899E182CE4890C5938111A1296ADD3EC74CF1715DF">>},
 {<<"stdout_formatter">>, <<"D9394AB3F5ADCDA97A4B8B1C0B798DCB286B07913C4020EA7F78C88723FB145E">>},
 {<<"syslog">>, <<"08080E85D716762AD4B701283E8359035A7DB519449383B7CB418598D167FEC1">>},
 {<<"systemd">>, <<"AAA24F1E3E6CB978C45369768B1ABD766A0DBFF637ED61254CA64797BCEC9963">>},
 {<<"webtransport">>, <<"DF0C53DA138CDC5F3390A31EF612CAA3A041C23E18C1A0B6FBD4D72743277806">>}]},
{pkg_hash_ext,[
 {<<"bcrypt">>, <<"6428D68BB2608490E150BE406A7AB75B5BCE4A2B5A3B0C3F36A12E367A141561">>},
 {<<"certifi">>, <<"8122798A17F0293C80DAADA25D0F81C7F4D708C73FEF782C7C9B1950E26E4D21">>},
 {<<"credentials_obfuscation">>, <<"843ADBE3246861CE0F1A0FA3222F384834EB31DEFD8D6B9CBA7AFD2977C957BC">>},
 {<<"enough">>, <<"0460C7ABDA5F5E0EA592B12BC6976B8A5C4B96E42F332059CD396525374BF9A1">>},
 {<<"epgsql">>, <<"B6D86B7DC42C8555B1D4E20880E5099D6D6D053148000E188E548F98E4E01836">>},
 {<<"eredis">>, <<"7C2B54C566FED55FEEF3341CA79B0100A6348FD3F162184B7ED5118D258C3CC1">>},
 {<<"getopt">>, <<"7E01DE90AC540F21494FF72792B1E3162D399966EBBFC674B4CE52CB8F49324F">>},
 {<<"h2">>, <<"C61F24361D0DC76375EAF35C2BF0E01235D81B7685538DF571DB036467FAC358">>},
 {<<"hackney">>, <<"D07D7E1358353AB6CC75132F058C155287F3E013D43F709FBB79D79EEAB98195">>},
 {<<"idna">>, <<"6AE959A025BF36DF61A8CAB8508D9654891B5426A84C44D82DEAFFD6DDF8C71F">>},
 {<<"jsx">>, <<"0C5CC8FDC11B53CC25CF65AC6705AD39E54ECC56D1C22E4ADB8F5A53FB9427F3">>},
 {<<"mimerl">>, <<"DB648CE065BAE14EA84CA8B5DD123F42F49417CEF693541110BF6F9E9BE9ECC4">>},
 {<<"parse_trans">>, <<"620A406CE75DADA827B82E453C19CF06776BE266F5A67CFF34E1EF2CBB60E49A">>},
 {<<"pc">>, <<"4C0FAD4F6437CAE353D517DA218FE78347B8FFA44B9817887494CAAAE54595B3">>},
 {<<"poolboy">>, <<"DAD79704CE5440F3D5A3681C8590B9DC25D1A561E8F5A9C995281012860901E3">>},
 {<<"quic">>, <<"9B85784F1D78F5C3ADFEE5F52C3448CAC3B03F5F0403D5DC782231C3D3AD709D">>},
 {<<"ranch">>, <<"55F05CCE20EC2DA1D90DE5D5981AFB93DBFC01325FC7E933189AA5C62F037C24">>},
 {<<"recon">>, <<"96C6799792D735CC0F0FD0F86267E9D351E63339CBE03DF9D162010CEFC26BB0">>},
 {<<"sext">>, <<"2FEA5B8C41FBDF05C3058149B0CF38A03CC79E1430C861CD425F99840E018755">>},
 {<<"ssl_verify_fun">>, <<"FE4C190E8F37401D30167C8C405EDA19469F34577987C76DDE613E838BBC67F8">>},
 {<<"stdout_formatter">>, <<"51F1DF921B0477275EA712763042155DBC74ACC75D9648DBD54985C45C913B29">>},
 {<<"syslog">>, <<"9098A92EA7A9EC57EA648EACBBB7A533B11DAF463A9371230AE5DDF0BF8AA6AC">>},
 {<<"systemd">>, <<"5062B911800C1AB05157C7BF9A9FBE23DD24C58891C87FD12D2E3ED8FC1708B8">>},
 {<<"webtransport">>, <<"3AE8C76696CDB56BEE3CAF1DD853A0A596339886468CA17C578A9BFD647DAB9D">>}]}
].
