%% THIS FILE IS GENERATED. DO NOT EDIT IT MANUALLY %%

{sub_dirs,["rel"]}.
{require_otp_vsn,"17"}.
{erl_opts,[debug_info,fail_on_warning]}.
{erlydtl_opts,[{compiler_options,[report,return,debug_info]}]}.
{deps,[{rebar_lock_deps_plugin,".*",
                               {git,"git://github.com/seth/rebar_lock_deps_plugin.git",
                                    "7a5835029c42b8138325405237ea7e8516a84800"}},
       {node_package,".*",
                     {git,"git://github.com/dergraf/node_package.git",
                          "28491b47e5c569fa5bef5dc1a120576d55d710a8"}},
       {goldrush,".*",
                 {git,"git://github.com/DeadZen/goldrush.git",
                      "71e63212f12c25827e0c1b4198d37d5d018a7fec"}},
       {lager,".*",
              {git,"git://github.com/basho/lager.git",
                   "b6b6cebcb27ccff8acc59ae775acebc2f52e4926"}},
       {syslog,".*",
               {git,"git://github.com/Vagabond/erlang-syslog.git",
                    "918c9b453e0811b24f2c99b35b712b0ef9f29c7e"}},
       {lager_syslog,".*",
                     {git,"git://github.com/basho/lager_syslog.git",
                          "fa2e7e3daee0d0a59dadb820fd3381eac4a65770"}},
       {eper,".*",
             {git,"https://github.com/massemanet/eper.git",
                  "55e3f69df5e3bcb74b42d2ba056c076298ed6ea7"}},
       {recon,".*",
              {git,"git://github.com/ferd/recon.git",
                   "3578fa86ad408d98e0512ded0b2f2c5b834a84ad"}},
       {edown,".*",
              {git,"git://github.com/uwiger/edown.git",
                   "d62ec85281e451a46ba30045917c119d65b72a84"}},
       {parse_trans,".*",
                    {git,"git://github.com/uwiger/parse_trans.git",
                         "82cc00264aa1bad8fc5c0739b7541feb4a843432"}},
       {meck,".*",
             {git,"git://github.com/eproxus/meck.git",
                  "dde759050eff19a1a80fd854d7375174b191665d"}},
       {bear,".*",
             {git,"git://github.com/boundary/bear.git",
                  "5f998064d178b1b8d01ed90c228d50d8097b12d3"}},
       {folsom,".*",
               {git,"git://github.com/boundary/folsom",
                    "015c646487f48f2dd1bba721f39d36f0c330626e"}},
       {setup,".*",
              {git,"git://github.com/uwiger/setup.git",
                   "51ee7c9f64d2bbe9dcbb58c278e8fbfd4d0ca5e2"}},
       {exometer_core,".*",
                      {git,"git://github.com/Feuerlabs/exometer_core.git",
                           "b36512a0022da30d6e7901503f99fdaf1a551b7d"}},
       {jobs,".*",
             {git,"git://github.com/uwiger/jobs.git",
                  "97fe71dc08393a7449fcd735455b3538140b1fea"}},
       {cowlib,".*",
               {git,"git://github.com/ninenines/cowlib.git",
                    "d544a494af4dbc810fc9c15eaf5cc050cced1501"}},
       {ranch,".*",
              {git,"git://github.com/ninenines/ranch.git",
                   "adf1822defc2b7cfdc7aca112adabfa1d614043c"}},
       {cowboy,".*",
               {git,"git://github.com/ninenines/cowboy.git",
                    "5ff3fdd91e20a137b6378c7271826c1d94d4e3d2"}},
       {riak_dt,".*",
                {git,"git://github.com/basho/riak_dt.git",
                     "f7981d4ad7407ddc085f133f204dd71bf9d50c56"}},
       {getopt,".*",
               {git,"git://github.com/jcomellas/getopt.git",
                    "659a28f4145bc9843598972854299dc4ea77e4cb"}},
       {neotoma,".*",
                {git,"git://github.com/seancribbs/neotoma.git",
                     "760928ec8870da02eb11bccb501e2700925d06c6"}},
       {cuttlefish,".*",
                   {git,"git://github.com/basho/cuttlefish.git",
                        "c92c8325aeaea6b6ba7516bbd434f8e408f87d60"}},
       {eleveldb,".*",
                 {git,"git://github.com/basho/eleveldb.git",
                      "0e4e4e7cf3ddc26523a77f853ea9409c1707b26c"}},
       {plumtree,".*",
                 {git,"git://github.com/dergraf/plumtree.git",
                      "26cb1ceb8f73832bf4b89ff722e597ae84b3399c"}},
       {clique,".*",
               {git,"git://github.com/basho/clique.git",
                    "3af4db8ea0f74aca42f6713446dcd5915c795a74"}},
       {riak_sysmon,".*",
                    {git,"git://github.com/basho/riak_sysmon.git",
                         "26a58bcaba96d07df885f7b3db4d4306f995ce14"}},
       {vmq_commons,".*",
                    {git,"https://github.com/erlio/vmq_commons.git",
                         "3c1b3b8f3aaddaca1446b54045764f332e4f702f"}},
       {vmq_plugin,".*",
                   {git,"https://github.com/erlio/vmq_plugin.git",
                        "67b5d0b8eafe11dc878917236059f900620fa624"}},
       {epmdpxy,".*",
                {git,"git://github.com/dergraf/epmdpxy",
                     "88118621bbf4ed1c98418ca2883b851bcca674a2"}},
       {vmq_server,".*",
                   {git,"https://github.com/erlio/vmq_server.git",
                        "7100c835b30c20675f58e00ee434bc9984805835"}},
       {vmq_acl,".*",
                {git,"https://github.com/erlio/vmq_acl.git",
                     "5ec1698f84532d3f9670c3d74839d007be95531c"}},
       {vmq_passwd,".*",
                   {git,"https://github.com/erlio/vmq_passwd.git",
                        "b6b338829776bca92948593c3bc243cc97507920"}},
       {vmq_bridge,".*",
                   {git,"https://github.com/erlio/vmq_bridge.git",
                        "366c41606f5e44ab73a2f7fd1311153350c51136"}},
       {vmq_graphite,".*",
                     {git,"https://github.com/erlio/vmq_graphite.git",
                          "09d257fdd95474212c18f5afb611e33ab98d6434"}},
       {vmq_snmp,".*",
                 {git,"https://github.com/erlio/vmq_snmp.git",
                      "1f49c553cd1ccf2eeed6524924fb1a2c18932978"}},
       {vmq_systree,".*",
                    {git,"https://github.com/erlio/vmq_systree.git",
                         "e90d419b815c55c5a74bd4e3884617970e470a7f"}}]}.
{plugins,[rebar_lock_deps_plugin]}.

