{"1.1.0",
[{<<"bcrypt">>,{pkg,<<"bcrypt">>,<<"1.0.2">>},0},
 {<<"bson">>,
  {git,"git://github.com/comtihon/bson-erlang",
       {ref,"14308ab927cfa69324742c3de720578094e0bb19"}},
  1},
 {<<"certifi">>,{pkg,<<"certifi">>,<<"1.2.1">>},1},
 {<<"clique">>,
  {git,"git://github.com/basho/clique.git",
       {ref,"0063cbe2c97aa3f00c1cb289678482cbc5524bc1"}},
  0},
 {<<"corman">>,
  {git,"git://github.com/EchoTeam/corman.git",
       {ref,"1c1ae1c0aa97ed1976d9042ac9fb805b51214661"}},
  1},
 {<<"cowboy">>,{pkg,<<"cowboy">>,<<"1.0.4">>},0},
 {<<"cowlib">>,{pkg,<<"cowlib">>,<<"1.0.2">>},1},
 {<<"cuttlefish">>,
  {git,"git://github.com/kyorai/cuttlefish.git",
       {ref,"649cda2828ef939126a20faa5d0ee0a2ab69f9a6"}},
  0},
 {<<"dht_ring">>,
  {git,"git://github.com/EchoTeam/dht_ring.git",
       {ref,"d5b880ad76aefc81547dbb76b48a97a01d52ff41"}},
  1},
 {<<"edown">>,
  {git,"git://github.com/uwiger/edown.git",
       {ref,"b7c8eb0ac1859f8fce11cbfe3526f5ec83194776"}},
  1},
 {<<"emysql">>,
  {git,"git://github.com/djustinek/Emysql.git",
       {ref,"fa7c94b5237a56cec6d75c3d3b1e51060426e099"}},
  0},
 {<<"eper">>,{pkg,<<"eper">>,<<"0.94.0">>},0},
 {<<"epgsql">>,{pkg,<<"epgsql">>,<<"3.1.1">>},0},
 {<<"eredis">>,{pkg,<<"eredis">>,<<"1.0.8">>},0},
 {<<"gen_server2">>,
  {git,"git://github.com/erlio/gen_server2.git",
       {ref,"741b44279b9211cf875b40ab4021496583bb6229"}},
  0},
 {<<"getopt">>,{pkg,<<"getopt">>,<<"0.8.2">>},1},
 {<<"goldrush">>,{pkg,<<"goldrush">>,<<"0.1.8">>},1},
 {<<"hackney">>,{pkg,<<"hackney">>,<<"1.8.6">>},0},
 {<<"idna">>,{pkg,<<"idna">>,<<"5.0.2">>},1},
 {<<"jsx">>,{pkg,<<"jsx">>,<<"2.8.0">>},0},
 {<<"lager">>,{pkg,<<"lager">>,<<"3.2.1">>},0},
 {<<"lager_syslog">>,
  {git,"git://github.com/basho/lager_syslog.git",
       {ref,"126dd0284fcac9b01613189a82facf8d803411a2"}},
  0},
 {<<"luerl">>,
  {git,"git://github.com/rvirding/luerl.git",
       {ref,"efe7474291398e4a20bc3701f49bb17c167b1050"}},
  0},
 {<<"mcd">>,
  {git,"git://github.com/EchoTeam/mcd.git",
       {ref,"b5b4a32ef2c9e2f6a4faa992536cb3da3548e0f8"}},
  0},
 {<<"metrics">>,{pkg,<<"metrics">>,<<"1.0.1">>},1},
 {<<"mimerl">>,{pkg,<<"mimerl">>,<<"1.0.2">>},1},
 {<<"mongodb">>,
  {git,"git://github.com/comtihon/mongodb-erlang.git",
       {ref,"9b53c4dcd931c48c5474dcdb8825e4b0afa2bff5"}},
  0},
 {<<"mzmetrics">>,
  {git,"git://github.com/erlio/mzmetrics.git",
       {ref,"09e42f9bf486c05a05658d94e789f3fff1e58840"}},
  0},
 {<<"node_package">>,
  {git,"git://github.com/erlio/node_package.git",
       {ref,"aa964e4cf5bd6616d5914a5e93f9ddd8fca7e9ab"}},
  0},
 {<<"pbkdf2">>,
  {git,"git://github.com/comtihon/erlang-pbkdf2.git",
       {ref,"7076584f5377e98600a7e2cb81980b2992fb2f71"}},
  1},
 {<<"poolboy">>,{pkg,<<"poolboy">>,<<"1.5.1">>},0},
 {<<"ranch">>,{pkg,<<"ranch">>,<<"1.2.1">>},0},
 {<<"recon">>,{pkg,<<"recon">>,<<"2.3.2">>},0},
 {<<"riak_dt">>,
  {git,"git://github.com/basho/riak_dt.git",
       {ref,"f7981d4ad7407ddc085f133f204dd71bf9d50c56"}},
  0},
 {<<"riak_sysmon">>,{pkg,<<"riak_sysmon">>,<<"2.1.2">>},0},
 {<<"rocksdb">>,{pkg,<<"rocksdb">>,<<"0.20.0">>},0},
 {<<"sext">>,
  {git,"git://github.com/uwiger/sext.git",
       {ref,"35520daea8ddc48569249ad19637f4cc75fbd03d"}},
  0},
 {<<"ssl_verify_fun">>,{pkg,<<"ssl_verify_fun">>,<<"1.1.1">>},1},
 {<<"swc">>,
  {git,"git://github.com/dergraf/ServerWideClocks.git",
       {ref,"84642ab0e4db73ceb79240e8abe3bd92058b375a"}},
  0},
 {<<"syslog">>,
  {git,"git://github.com/Vagabond/erlang-syslog",
       {ref,"e24c9ee8f7bb3f066ec152c210af10c2c712759a"}},
  1},
 {<<"unicode_util_compat">>,{pkg,<<"unicode_util_compat">>,<<"0.2.0">>},2},
 {<<"vernemq_dev">>,
  {git,"git://github.com/erlio/vernemq_dev.git",
       {ref,"6e41cce7d8a1dfd414782536e0c71bee0f04f5e3"}},
  0}]}.
[
{pkg_hash,[
 {<<"bcrypt">>, <<"6735F66D3A7309AF166CE660161009B7D9B9216508B8B2E6A0A9090AF35CB757">>},
 {<<"certifi">>, <<"C3904F192BD5284E5B13F20DB3CEAC9626E14EEACFBB492E19583CF0E37B22BE">>},
 {<<"cowboy">>, <<"A324A8DF9F2316C833A470D918AAF73AE894278B8AA6226CE7A9BF699388F878">>},
 {<<"cowlib">>, <<"9D769A1D062C9C3AC753096F868CA121E2730B9A377DE23DEC0F7E08B1DF84EE">>},
 {<<"eper">>, <<"F5FB2DAA0DF8878748E1C598428EDA942A173E5121FF35C1D632129B84593A3A">>},
 {<<"epgsql">>, <<"DE16186C279FB73217C0666C7A21323D613EDA9395B56E122AA1B262815ADF06">>},
 {<<"eredis">>, <<"AB4FDA1C4BA7FBE6C19C26C249DC13DA916D762502C4B4FA2DF401A8D51C5364">>},
 {<<"getopt">>, <<"B17556DB683000BA50370B16C0619DF1337E7AF7ECBF7D64FBF8D1D6BCE3109B">>},
 {<<"goldrush">>, <<"2024BA375CEEA47E27EA70E14D2C483B2D8610101B4E852EF7F89163CDB6E649">>},
 {<<"hackney">>, <<"21A725DB3569B3FB11A6AF17D5C5F654052CE9624219F1317E8639183DE4A423">>},
 {<<"idna">>, <<"AC203208ADA855D95DC591A764B6E87259CB0E2A364218F215AD662DAA8CD6B4">>},
 {<<"jsx">>, <<"749BEC6D205C694AE1786D62CEA6CC45A390437E24835FD16D12D74F07097727">>},
 {<<"lager">>, <<"EEF4E18B39E4195D37606D9088EA05BF1B745986CF8EC84F01D332456FE88D17">>},
 {<<"metrics">>, <<"25F094DEA2CDA98213CECC3AEFF09E940299D950904393B2A29D191C346A8486">>},
 {<<"mimerl">>, <<"993F9B0E084083405ED8252B99460C4F0563E41729AB42D9074FD5E52439BE88">>},
 {<<"poolboy">>, <<"6B46163901CFD0A1B43D692657ED9D7E599853B3B21B95AE5AE0A777CF9B6CA8">>},
 {<<"ranch">>, <<"A6FB992C10F2187B46FFD17CE398DDF8A54F691B81768F9EF5F461EA7E28C762">>},
 {<<"recon">>, <<"4444C879BE323B1B133EEC5241CB84BD3821EA194C740D75617E106BE4744318">>},
 {<<"riak_sysmon">>, <<"24F804606D65DE1F020138F5E6E3E17BE4C5A41567D5170306378253E3705BAE">>},
 {<<"rocksdb">>, <<"2F8C11FFB39C0F13471D2C0BC32D710CB9AE92F0753A7C21FBB4D357E9DAD50D">>},
 {<<"ssl_verify_fun">>, <<"28A4D65B7F59893BC2C7DE786DEC1E1555BD742D336043FE644AE956C3497FBE">>},
 {<<"unicode_util_compat">>, <<"DBBCCF6781821B1C0701845EAF966C9B6D83D7C3BFC65CA2B78B88B8678BFA35">>}]}
].
